
Microsoft Visual Studio Solution File, Format Version 12.00
# Visual Studio Version 17
VisualStudioVersion = 17.4.33213.308
MinimumVisualStudioVersion = 10.0.40219.1
Project("{9A19103F-16F7-4668-BE54-9A1E7A4F7556}") = "Resonance.WebApi", "Resonance.WebApi\Resonance.WebApi.csproj", "{44AD179C-C806-4A0B-BD55-ED29A6912843}"
EndProject
Project("{9A19103F-16F7-4668-BE54-9A1E7A4F7556}") = "Resonance.Utilities", "Resonance.Utilities\Resonance.Utilities.csproj", "{23291839-9A21-42E0-80EB-DD6ABFB574F0}"
EndProject
Project("{9A19103F-16F7-4668-BE54-9A1E7A4F7556}") = "Resonance.Utilities.Test", "Resonance.Utilities.Test\Resonance.Utilities.Test.csproj", "{6CEBF468-3E6F-46A7-AF4A-78AF7563C5C0}"
EndProject
Project("{2150E333-8FDC-42A3-9474-1A3956D46DE8}") = "Solution Items", "Solution Items", "{F919EEDA-8242-4E8D-9387-2FC91F55530A}"
	ProjectSection(SolutionItems) = preProject
		.gitignore = .gitignore
	EndProjectSection
EndProject
Project("{9A19103F-16F7-4668-BE54-9A1E7A4F7556}") = "Resonance.Models", "Resonance.Models\Resonance.Models.csproj", "{056042BB-3DF0-4BB2-9895-E64861AEBABC}"
EndProject
Project("{FAE04EC0-301F-11D3-BF4B-00C04F79EFBC}") = "Resonance.Models.Test", "Resonance.Models.Test\Resonance.Models.Test.csproj", "{A7470255-9513-426B-B65B-BB808529A9F9}"
EndProject
Global
	GlobalSection(SolutionConfigurationPlatforms) = preSolution
		Debug|Any CPU = Debug|Any CPU
		Release|Any CPU = Release|Any CPU
	EndGlobalSection
	GlobalSection(ProjectConfigurationPlatforms) = postSolution
		{44AD179C-C806-4A0B-BD55-ED29A6912843}.Debug|Any CPU.ActiveCfg = Debug|Any CPU
		{44AD179C-C806-4A0B-BD55-ED29A6912843}.Debug|Any CPU.Build.0 = Debug|Any CPU
		{44AD179C-C806-4A0B-BD55-ED29A6912843}.Release|Any CPU.ActiveCfg = Release|Any CPU
		{44AD179C-C806-4A0B-BD55-ED29A6912843}.Release|Any CPU.Build.0 = Release|Any CPU
		{23291839-9A21-42E0-80EB-DD6ABFB574F0}.Debug|Any CPU.ActiveCfg = Debug|Any CPU
		{23291839-9A21-42E0-80EB-DD6ABFB574F0}.Debug|Any CPU.Build.0 = Debug|Any CPU
		{23291839-9A21-42E0-80EB-DD6ABFB574F0}.Release|Any CPU.ActiveCfg = Release|Any CPU
		{23291839-9A21-42E0-80EB-DD6ABFB574F0}.Release|Any CPU.Build.0 = Release|Any CPU
		{6CEBF468-3E6F-46A7-AF4A-78AF7563C5C0}.Debug|Any CPU.ActiveCfg = Debug|Any CPU
		{6CEBF468-3E6F-46A7-AF4A-78AF7563C5C0}.Debug|Any CPU.Build.0 = Debug|Any CPU
		{6CEBF468-3E6F-46A7-AF4A-78AF7563C5C0}.Release|Any CPU.ActiveCfg = Release|Any CPU
		{6CEBF468-3E6F-46A7-AF4A-78AF7563C5C0}.Release|Any CPU.Build.0 = Release|Any CPU
		{056042BB-3DF0-4BB2-9895-E64861AEBABC}.Debug|Any CPU.ActiveCfg = Debug|Any CPU
		{056042BB-3DF0-4BB2-9895-E64861AEBABC}.Debug|Any CPU.Build.0 = Debug|Any CPU
		{056042BB-3DF0-4BB2-9895-E64861AEBABC}.Release|Any CPU.ActiveCfg = Release|Any CPU
		{056042BB-3DF0-4BB2-9895-E64861AEBABC}.Release|Any CPU.Build.0 = Release|Any CPU
		{A7470255-9513-426B-B65B-BB808529A9F9}.Debug|Any CPU.ActiveCfg = Debug|Any CPU
		{A7470255-9513-426B-B65B-BB808529A9F9}.Debug|Any CPU.Build.0 = Debug|Any CPU
		{A7470255-9513-426B-B65B-BB808529A9F9}.Release|Any CPU.ActiveCfg = Release|Any CPU
		{A7470255-9513-426B-B65B-BB808529A9F9}.Release|Any CPU.Build.0 = Release|Any CPU
	EndGlobalSection
	GlobalSection(SolutionProperties) = preSolution
		HideSolutionNode = FALSE
	EndGlobalSection
	GlobalSection(ExtensibilityGlobals) = postSolution
		SolutionGuid = {ADCF4013-066E-4C46-A412-83686C4E15AD}
	EndGlobalSection
EndGlobal
